
Microsoft Visual Studio Solution File, Format Version 12.00
# Visual Studio 15
VisualStudioVersion = 15.0.27130.2026
MinimumVisualStudioVersion = 10.0.40219.1
Project("{FAE04EC0-301F-11D3-BF4B-00C04F79EFBC}") = "ClassLibrary1", "ClassLibrary1\ClassLibrary1.csproj", "{D9F5C7FA-3282-4892-95D2-A7726165AC5B}"
EndProject
Global
	GlobalSection(SolutionConfigurationPlatforms) = preSolution
		Debug|Any CPU = Debug|Any CPU
		Release|Any CPU = Release|Any CPU
	EndGlobalSection
	GlobalSection(ProjectConfigurationPlatforms) = postSolution
		{D9F5C7FA-3282-4892-95D2-A7726165AC5B}.Debug|Any CPU.ActiveCfg = Debug|Any CPU
		{D9F5C7FA-3282-4892-95D2-A7726165AC5B}.Debug|Any CPU.Build.0 = Debug|Any CPU
		{D9F5C7FA-3282-4892-95D2-A7726165AC5B}.Release|Any CPU.ActiveCfg = Release|Any CPU
		{D9F5C7FA-3282-4892-95D2-A7726165AC5B}.Release|Any CPU.Build.0 = Release|Any CPU
	EndGlobalSection
	GlobalSection(SolutionProperties) = preSolution
		HideSolutionNode = FALSE
	EndGlobalSection
	GlobalSection(ExtensibilityGlobals) = postSolution
		SolutionGuid = {EB95D36F-AC52-4EDC-A4E9-7BADDDD3E69C}
	EndGlobalSection
EndGlobal
