
Microsoft Visual Studio Solution File, Format Version 12.00
# Visual Studio 15
VisualStudioVersion = 15.0.27130.2026
MinimumVisualStudioVersion = 10.0.40219.1
Project("{FAE04EC0-301F-11D3-BF4B-00C04F79EFBC}") = "DisplaySeason", "DisplaySeason\DisplaySeason.csproj", "{5352091C-FC51-4B0F-A50E-B7912B39F770}"
EndProject
Project("{FAE04EC0-301F-11D3-BF4B-00C04F79EFBC}") = "DisplaySeasonLibrary", "..\DisplaySeasonLibrary\DisplaySeasonLibrary\DisplaySeasonLibrary.csproj", "{DEAA0FCC-8AE5-48D6-BB9C-95221702FF4E}"
EndProject
Global
	GlobalSection(SolutionConfigurationPlatforms) = preSolution
		Debug|Any CPU = Debug|Any CPU
		Release|Any CPU = Release|Any CPU
	EndGlobalSection
	GlobalSection(ProjectConfigurationPlatforms) = postSolution
		{5352091C-FC51-4B0F-A50E-B7912B39F770}.Debug|Any CPU.ActiveCfg = Debug|Any CPU
		{5352091C-FC51-4B0F-A50E-B7912B39F770}.Debug|Any CPU.Build.0 = Debug|Any CPU
		{5352091C-FC51-4B0F-A50E-B7912B39F770}.Release|Any CPU.ActiveCfg = Release|Any CPU
		{5352091C-FC51-4B0F-A50E-B7912B39F770}.Release|Any CPU.Build.0 = Release|Any CPU
		{DEAA0FCC-8AE5-48D6-BB9C-95221702FF4E}.Debug|Any CPU.ActiveCfg = Debug|Any CPU
		{DEAA0FCC-8AE5-48D6-BB9C-95221702FF4E}.Debug|Any CPU.Build.0 = Debug|Any CPU
		{DEAA0FCC-8AE5-48D6-BB9C-95221702FF4E}.Release|Any CPU.ActiveCfg = Release|Any CPU
		{DEAA0FCC-8AE5-48D6-BB9C-95221702FF4E}.Release|Any CPU.Build.0 = Release|Any CPU
	EndGlobalSection
	GlobalSection(SolutionProperties) = preSolution
		HideSolutionNode = FALSE
	EndGlobalSection
	GlobalSection(ExtensibilityGlobals) = postSolution
		SolutionGuid = {AFEBF280-BE0C-47B3-9D60-9ACEA1E9DC62}
	EndGlobalSection
EndGlobal
